
Microsoft Visual Studio Solution File, Format Version 12.00
# Visual Studio Version 16
VisualStudioVersion = 16.0.31729.503
MinimumVisualStudioVersion = 10.0.40219.1
Project("{FAE04EC0-301F-11D3-BF4B-00C04F79EFBC}") = "Demo", "Demo\Demo.csproj", "{58149489-7BD3-4C6F-A2EA-CA11CA6D64F0}"
EndProject
Global
	GlobalSection(SolutionConfigurationPlatforms) = preSolution
		Debug|Any CPU = Debug|Any CPU
		Release|Any CPU = Release|Any CPU
	EndGlobalSection
	GlobalSection(ProjectConfigurationPlatforms) = postSolution
		{58149489-7BD3-4C6F-A2EA-CA11CA6D64F0}.Debug|Any CPU.ActiveCfg = Debug|Any CPU
		{58149489-7BD3-4C6F-A2EA-CA11CA6D64F0}.Debug|Any CPU.Build.0 = Debug|Any CPU
		{58149489-7BD3-4C6F-A2EA-CA11CA6D64F0}.Release|Any CPU.ActiveCfg = Release|Any CPU
		{58149489-7BD3-4C6F-A2EA-CA11CA6D64F0}.Release|Any CPU.Build.0 = Release|Any CPU
	EndGlobalSection
	GlobalSection(SolutionProperties) = preSolution
		HideSolutionNode = FALSE
	EndGlobalSection
	GlobalSection(ExtensibilityGlobals) = postSolution
		SolutionGuid = {85EF8554-A69C-424A-8EF6-57D1B74F991E}
	EndGlobalSection
EndGlobal
